// !$*UTF8*$!
{
	archiveVersion = 1;
	classes = {
	};
	objectVersion = 46;
	objects = {

/* Begin PBXBuildFile section */
		221997431EA605470010F816 /* Wrapper.cpp in Sources */ = {isa = PBXBuildFile; fileRef = 221997411EA605470010F816 /* Wrapper.cpp */; };
		221997461EA60C0D0010F816 /* ConvergenceTable.cpp in Sources */ = {isa = PBXBuildFile; fileRef = 221997441EA60C0D0010F816 /* ConvergenceTable.cpp */; };
		228EDE8A1EA4E52A0007645B /* VanillaOption.cpp in Sources */ = {isa = PBXBuildFile; fileRef = 228EDE881EA4E52A0007645B /* VanillaOption.cpp */; };
		2292F0D61EA2183E006B2473 /* main.cpp in Sources */ = {isa = PBXBuildFile; fileRef = 2292F0D51EA2183E006B2473 /* main.cpp */; };
		22B395911EA4F92B003948B4 /* PayOffBridge.cpp in Sources */ = {isa = PBXBuildFile; fileRef = 22B3958F1EA4F92B003948B4 /* PayOffBridge.cpp */; };
		22B395941EA5038B003948B4 /* Parameters.cpp in Sources */ = {isa = PBXBuildFile; fileRef = 22B395921EA5038B003948B4 /* Parameters.cpp */; };
		22B395971EA50912003948B4 /* PiecewiseConstantParameter.cpp in Sources */ = {isa = PBXBuildFile; fileRef = 22B395951EA50912003948B4 /* PiecewiseConstantParameter.cpp */; };
		22B395A81EA5FE68003948B4 /* StatisticsMC.cpp in Sources */ = {isa = PBXBuildFile; fileRef = 22B395A61EA5FE68003948B4 /* StatisticsMC.cpp */; };
		22D64D061EA2222000D93A03 /* Random.cpp in Sources */ = {isa = PBXBuildFile; fileRef = 22D64D041EA2222000D93A03 /* Random.cpp */; };
		22D64D0B1EA225E200D93A03 /* MonteCarlo.cpp in Sources */ = {isa = PBXBuildFile; fileRef = 22D64D091EA225E200D93A03 /* MonteCarlo.cpp */; };
		22D64D101EA22CDE00D93A03 /* PayOffs.cpp in Sources */ = {isa = PBXBuildFile; fileRef = 22D64D0E1EA22CDE00D93A03 /* PayOffs.cpp */; };
/* End PBXBuildFile section */

/* Begin PBXCopyFilesBuildPhase section */
		2292F0D01EA2183D006B2473 /* CopyFiles */ = {
			isa = PBXCopyFilesBuildPhase;
			buildActionMask = 2147483647;
			dstPath = /usr/share/man/man1/;
			dstSubfolderSpec = 0;
			files = (
			);
			runOnlyForDeploymentPostprocessing = 1;
		};
/* End PBXCopyFilesBuildPhase section */

/* Begin PBXFileReference section */
		221997411EA605470010F816 /* Wrapper.cpp */ = {isa = PBXFileReference; fileEncoding = 4; lastKnownFileType = sourcecode.cpp.cpp; path = Wrapper.cpp; sourceTree = "<group>"; };
		221997421EA605470010F816 /* Wrapper.hpp */ = {isa = PBXFileReference; fileEncoding = 4; lastKnownFileType = sourcecode.cpp.h; path = Wrapper.hpp; sourceTree = "<group>"; };
		221997441EA60C0D0010F816 /* ConvergenceTable.cpp */ = {isa = PBXFileReference; fileEncoding = 4; lastKnownFileType = sourcecode.cpp.cpp; path = ConvergenceTable.cpp; sourceTree = "<group>"; };
		221997451EA60C0D0010F816 /* ConvergenceTable.hpp */ = {isa = PBXFileReference; fileEncoding = 4; lastKnownFileType = sourcecode.cpp.h; path = ConvergenceTable.hpp; sourceTree = "<group>"; };
		228EDE881EA4E52A0007645B /* VanillaOption.cpp */ = {isa = PBXFileReference; fileEncoding = 4; lastKnownFileType = sourcecode.cpp.cpp; path = VanillaOption.cpp; sourceTree = "<group>"; };
		228EDE891EA4E52A0007645B /* VanillaOption.hpp */ = {isa = PBXFileReference; fileEncoding = 4; lastKnownFileType = sourcecode.cpp.h; path = VanillaOption.hpp; sourceTree = "<group>"; };
		2292F0D21EA2183E006B2473 /* Mars */ = {isa = PBXFileReference; explicitFileType = "compiled.mach-o.executable"; includeInIndex = 0; path = Mars; sourceTree = BUILT_PRODUCTS_DIR; };
		2292F0D51EA2183E006B2473 /* main.cpp */ = {isa = PBXFileReference; lastKnownFileType = sourcecode.cpp.cpp; path = main.cpp; sourceTree = "<group>"; };
		22B3958F1EA4F92B003948B4 /* PayOffBridge.cpp */ = {isa = PBXFileReference; fileEncoding = 4; lastKnownFileType = sourcecode.cpp.cpp; path = PayOffBridge.cpp; sourceTree = "<group>"; };
		22B395901EA4F92B003948B4 /* PayOffBridge.hpp */ = {isa = PBXFileReference; fileEncoding = 4; lastKnownFileType = sourcecode.cpp.h; path = PayOffBridge.hpp; sourceTree = "<group>"; };
		22B395921EA5038B003948B4 /* Parameters.cpp */ = {isa = PBXFileReference; fileEncoding = 4; lastKnownFileType = sourcecode.cpp.cpp; path = Parameters.cpp; sourceTree = "<group>"; };
		22B395931EA5038B003948B4 /* Parameters.hpp */ = {isa = PBXFileReference; fileEncoding = 4; lastKnownFileType = sourcecode.cpp.h; path = Parameters.hpp; sourceTree = "<group>"; };
		22B395951EA50912003948B4 /* PiecewiseConstantParameter.cpp */ = {isa = PBXFileReference; fileEncoding = 4; lastKnownFileType = sourcecode.cpp.cpp; path = PiecewiseConstantParameter.cpp; sourceTree = "<group>"; };
		22B395961EA50912003948B4 /* PiecewiseConstantParameter.hpp */ = {isa = PBXFileReference; fileEncoding = 4; lastKnownFileType = sourcecode.cpp.h; path = PiecewiseConstantParameter.hpp; sourceTree = "<group>"; };
		22B395A61EA5FE68003948B4 /* StatisticsMC.cpp */ = {isa = PBXFileReference; fileEncoding = 4; lastKnownFileType = sourcecode.cpp.cpp; path = StatisticsMC.cpp; sourceTree = "<group>"; };
		22B395A71EA5FE68003948B4 /* StatisticsMC.hpp */ = {isa = PBXFileReference; fileEncoding = 4; lastKnownFileType = sourcecode.cpp.h; path = StatisticsMC.hpp; sourceTree = "<group>"; };
		22D64D041EA2222000D93A03 /* Random.cpp */ = {isa = PBXFileReference; fileEncoding = 4; lastKnownFileType = sourcecode.cpp.cpp; path = Random.cpp; sourceTree = "<group>"; };
		22D64D051EA2222000D93A03 /* Random.hpp */ = {isa = PBXFileReference; fileEncoding = 4; lastKnownFileType = sourcecode.cpp.h; path = Random.hpp; sourceTree = "<group>"; };
		22D64D091EA225E200D93A03 /* MonteCarlo.cpp */ = {isa = PBXFileReference; fileEncoding = 4; lastKnownFileType = sourcecode.cpp.cpp; path = MonteCarlo.cpp; sourceTree = "<group>"; };
		22D64D0A1EA225E200D93A03 /* MonteCarlo.hpp */ = {isa = PBXFileReference; fileEncoding = 4; lastKnownFileType = sourcecode.cpp.h; path = MonteCarlo.hpp; sourceTree = "<group>"; };
		22D64D0E1EA22CDE00D93A03 /* PayOffs.cpp */ = {isa = PBXFileReference; fileEncoding = 4; lastKnownFileType = sourcecode.cpp.cpp; path = PayOffs.cpp; sourceTree = "<group>"; };
		22D64D0F1EA22CDE00D93A03 /* PayOffs.hpp */ = {isa = PBXFileReference; fileEncoding = 4; lastKnownFileType = sourcecode.cpp.h; path = PayOffs.hpp; sourceTree = "<group>"; };
/* End PBXFileReference section */

/* Begin PBXFrameworksBuildPhase section */
		2292F0CF1EA2183D006B2473 /* Frameworks */ = {
			isa = PBXFrameworksBuildPhase;
			buildActionMask = 2147483647;
			files = (
			);
			runOnlyForDeploymentPostprocessing = 0;
		};
/* End PBXFrameworksBuildPhase section */

/* Begin PBXGroup section */
		2292F0C91EA2183D006B2473 = {
			isa = PBXGroup;
			children = (
				22D64CFA1EA2199300D93A03 /* Code */,
				22D64CF91EA2198200D93A03 /* Headers */,
				2292F0D41EA2183E006B2473 /* Mars */,
				2292F0D31EA2183E006B2473 /* Products */,
			);
			sourceTree = "<group>";
		};
		2292F0D31EA2183E006B2473 /* Products */ = {
			isa = PBXGroup;
			children = (
				2292F0D21EA2183E006B2473 /* Mars */,
			);
			name = Products;
			sourceTree = "<group>";
		};
		2292F0D41EA2183E006B2473 /* Mars */ = {
			isa = PBXGroup;
			children = (
				2292F0D51EA2183E006B2473 /* main.cpp */,
			);
			path = Mars;
			sourceTree = "<group>";
		};
		22B395981EA529BF003948B4 /* Parameters */ = {
			isa = PBXGroup;
			children = (
				22B395921EA5038B003948B4 /* Parameters.cpp */,
				22B395951EA50912003948B4 /* PiecewiseConstantParameter.cpp */,
			);
			path = Parameters;
			sourceTree = "<group>";
		};
		22B395991EA52A41003948B4 /* PayOffs */ = {
			isa = PBXGroup;
			children = (
				22B3958F1EA4F92B003948B4 /* PayOffBridge.cpp */,
				22D64D0E1EA22CDE00D93A03 /* PayOffs.cpp */,
			);
			path = PayOffs;
			sourceTree = "<group>";
		};
		22B3959A1EA52A4D003948B4 /* Products */ = {
			isa = PBXGroup;
			children = (
				228EDE881EA4E52A0007645B /* VanillaOption.cpp */,
			);
			path = Products;
			sourceTree = "<group>";
		};
		22B3959B1EA52B98003948B4 /* Products */ = {
			isa = PBXGroup;
			children = (
				228EDE891EA4E52A0007645B /* VanillaOption.hpp */,
			);
			path = Products;
			sourceTree = "<group>";
		};
		22B3959C1EA52BA3003948B4 /* Parameters */ = {
			isa = PBXGroup;
			children = (
				22B395961EA50912003948B4 /* PiecewiseConstantParameter.hpp */,
				22B395931EA5038B003948B4 /* Parameters.hpp */,
			);
			path = Parameters;
			sourceTree = "<group>";
		};
		22B3959D1EA52BAE003948B4 /* PayOffs */ = {
			isa = PBXGroup;
			children = (
				22D64D0F1EA22CDE00D93A03 /* PayOffs.hpp */,
				22B395901EA4F92B003948B4 /* PayOffBridge.hpp */,
			);
			path = PayOffs;
			sourceTree = "<group>";
		};
		22B395A41EA5FE38003948B4 /* Statistics */ = {
			isa = PBXGroup;
			children = (
				22B395A61EA5FE68003948B4 /* StatisticsMC.cpp */,
				221997411EA605470010F816 /* Wrapper.cpp */,
				221997441EA60C0D0010F816 /* ConvergenceTable.cpp */,
			);
			path = Statistics;
			sourceTree = "<group>";
		};
		22B395A51EA5FE49003948B4 /* Statistics */ = {
			isa = PBXGroup;
			children = (
				221997451EA60C0D0010F816 /* ConvergenceTable.hpp */,
				22B395A71EA5FE68003948B4 /* StatisticsMC.hpp */,
				221997421EA605470010F816 /* Wrapper.hpp */,
			);
			path = Statistics;
			sourceTree = "<group>";
		};
		22D64CF91EA2198200D93A03 /* Headers */ = {
			isa = PBXGroup;
			children = (
				22B395A51EA5FE49003948B4 /* Statistics */,
				22B3959D1EA52BAE003948B4 /* PayOffs */,
				22B3959C1EA52BA3003948B4 /* Parameters */,
				22B3959B1EA52B98003948B4 /* Products */,
				22D64D081EA225BB00D93A03 /* Simulations */,
				22D64D031EA2212300D93A03 /* Generators */,
			);
			path = Headers;
			sourceTree = "<group>";
		};
		22D64CFA1EA2199300D93A03 /* Code */ = {
			isa = PBXGroup;
			children = (
				22B395A41EA5FE38003948B4 /* Statistics */,
				22B3959A1EA52A4D003948B4 /* Products */,
				22B395991EA52A41003948B4 /* PayOffs */,
				22B395981EA529BF003948B4 /* Parameters */,
				22D64D071EA225B200D93A03 /* Simulations */,
				22D64D021EA2210D00D93A03 /* Generators */,
			);
			path = Code;
			sourceTree = "<group>";
		};
		22D64D021EA2210D00D93A03 /* Generators */ = {
			isa = PBXGroup;
			children = (
				22D64D041EA2222000D93A03 /* Random.cpp */,
			);
			path = Generators;
			sourceTree = "<group>";
		};
		22D64D031EA2212300D93A03 /* Generators */ = {
			isa = PBXGroup;
			children = (
				22D64D051EA2222000D93A03 /* Random.hpp */,
			);
			path = Generators;
			sourceTree = "<group>";
		};
		22D64D071EA225B200D93A03 /* Simulations */ = {
			isa = PBXGroup;
			children = (
				22D64D091EA225E200D93A03 /* MonteCarlo.cpp */,
			);
			path = Simulations;
			sourceTree = "<group>";
		};
		22D64D081EA225BB00D93A03 /* Simulations */ = {
			isa = PBXGroup;
			children = (
				22D64D0A1EA225E200D93A03 /* MonteCarlo.hpp */,
			);
			path = Simulations;
			sourceTree = "<group>";
		};
/* End PBXGroup section */

/* Begin PBXNativeTarget section */
		2292F0D11EA2183D006B2473 /* Mars */ = {
			isa = PBXNativeTarget;
			buildConfigurationList = 2292F0D91EA2183E006B2473 /* Build configuration list for PBXNativeTarget "Mars" */;
			buildPhases = (
				2292F0CE1EA2183D006B2473 /* Sources */,
				2292F0CF1EA2183D006B2473 /* Frameworks */,
				2292F0D01EA2183D006B2473 /* CopyFiles */,
			);
			buildRules = (
			);
			dependencies = (
			);
			name = Mars;
			productName = Mars;
			productReference = 2292F0D21EA2183E006B2473 /* Mars */;
			productType = "com.apple.product-type.tool";
		};
/* End PBXNativeTarget section */

/* Begin PBXProject section */
		2292F0CA1EA2183D006B2473 /* Project object */ = {
			isa = PBXProject;
			attributes = {
				LastUpgradeCheck = 0820;
				ORGANIZATIONNAME = "Matthieu Zandecki";
				TargetAttributes = {
					2292F0D11EA2183D006B2473 = {
						CreatedOnToolsVersion = 8.2.1;
						ProvisioningStyle = Automatic;
					};
				};
			};
			buildConfigurationList = 2292F0CD1EA2183D006B2473 /* Build configuration list for PBXProject "Mars" */;
			compatibilityVersion = "Xcode 3.2";
			developmentRegion = English;
			hasScannedForEncodings = 0;
			knownRegions = (
				en,
			);
			mainGroup = 2292F0C91EA2183D006B2473;
			productRefGroup = 2292F0D31EA2183E006B2473 /* Products */;
			projectDirPath = "";
			projectRoot = "";
			targets = (
				2292F0D11EA2183D006B2473 /* Mars */,
			);
		};
/* End PBXProject section */

/* Begin PBXSourcesBuildPhase section */
		2292F0CE1EA2183D006B2473 /* Sources */ = {
			isa = PBXSourcesBuildPhase;
			buildActionMask = 2147483647;
			files = (
				22B395971EA50912003948B4 /* PiecewiseConstantParameter.cpp in Sources */,
				22D64D101EA22CDE00D93A03 /* PayOffs.cpp in Sources */,
				228EDE8A1EA4E52A0007645B /* VanillaOption.cpp in Sources */,
				22D64D0B1EA225E200D93A03 /* MonteCarlo.cpp in Sources */,
				221997461EA60C0D0010F816 /* ConvergenceTable.cpp in Sources */,
				22D64D061EA2222000D93A03 /* Random.cpp in Sources */,
				221997431EA605470010F816 /* Wrapper.cpp in Sources */,
				22B395A81EA5FE68003948B4 /* StatisticsMC.cpp in Sources */,
				2292F0D61EA2183E006B2473 /* main.cpp in Sources */,
				22B395941EA5038B003948B4 /* Parameters.cpp in Sources */,
				22B395911EA4F92B003948B4 /* PayOffBridge.cpp in Sources */,
			);
			runOnlyForDeploymentPostprocessing = 0;
		};
/* End PBXSourcesBuildPhase section */

/* Begin XCBuildConfiguration section */
		2292F0D71EA2183E006B2473 /* Debug */ = {
			isa = XCBuildConfiguration;
			buildSettings = {
				ALWAYS_SEARCH_USER_PATHS = NO;
				CLANG_ANALYZER_NONNULL = YES;
				CLANG_CXX_LANGUAGE_STANDARD = "gnu++0x";
				CLANG_CXX_LIBRARY = "libc++";
				CLANG_ENABLE_MODULES = YES;
				CLANG_ENABLE_OBJC_ARC = YES;
				CLANG_WARN_BOOL_CONVERSION = YES;
				CLANG_WARN_CONSTANT_CONVERSION = YES;
				CLANG_WARN_DIRECT_OBJC_ISA_USAGE = YES_ERROR;
				CLANG_WARN_DOCUMENTATION_COMMENTS = YES;
				CLANG_WARN_EMPTY_BODY = YES;
				CLANG_WARN_ENUM_CONVERSION = YES;
				CLANG_WARN_INFINITE_RECURSION = YES;
				CLANG_WARN_INT_CONVERSION = YES;
				CLANG_WARN_OBJC_ROOT_CLASS = YES_ERROR;
				CLANG_WARN_SUSPICIOUS_MOVE = YES;
				CLANG_WARN_UNREACHABLE_CODE = YES;
				CLANG_WARN__DUPLICATE_METHOD_MATCH = YES;
				CODE_SIGN_IDENTITY = "-";
				COPY_PHASE_STRIP = NO;
				DEBUG_INFORMATION_FORMAT = dwarf;
				ENABLE_STRICT_OBJC_MSGSEND = YES;
				ENABLE_TESTABILITY = YES;
				GCC_C_LANGUAGE_STANDARD = gnu99;
				GCC_DYNAMIC_NO_PIC = NO;
				GCC_NO_COMMON_BLOCKS = YES;
				GCC_OPTIMIZATION_LEVEL = 0;
				GCC_PREPROCESSOR_DEFINITIONS = (
					"DEBUG=1",
					"$(inherited)",
				);
				GCC_WARN_64_TO_32_BIT_CONVERSION = YES;
				GCC_WARN_ABOUT_RETURN_TYPE = YES_ERROR;
				GCC_WARN_UNDECLARED_SELECTOR = YES;
				GCC_WARN_UNINITIALIZED_AUTOS = YES_AGGRESSIVE;
				GCC_WARN_UNUSED_FUNCTION = YES;
				GCC_WARN_UNUSED_VARIABLE = YES;
				MACOSX_DEPLOYMENT_TARGET = 10.12;
				MTL_ENABLE_DEBUG_INFO = YES;
				ONLY_ACTIVE_ARCH = YES;
				SDKROOT = macosx;
			};
			name = Debug;
		};
		2292F0D81EA2183E006B2473 /* Release */ = {
			isa = XCBuildConfiguration;
			buildSettings = {
				ALWAYS_SEARCH_USER_PATHS = NO;
				CLANG_ANALYZER_NONNULL = YES;
				CLANG_CXX_LANGUAGE_STANDARD = "gnu++0x";
				CLANG_CXX_LIBRARY = "libc++";
				CLANG_ENABLE_MODULES = YES;
				CLANG_ENABLE_OBJC_ARC = YES;
				CLANG_WARN_BOOL_CONVERSION = YES;
				CLANG_WARN_CONSTANT_CONVERSION = YES;
				CLANG_WARN_DIRECT_OBJC_ISA_USAGE = YES_ERROR;
				CLANG_WARN_DOCUMENTATION_COMMENTS = YES;
				CLANG_WARN_EMPTY_BODY = YES;
				CLANG_WARN_ENUM_CONVERSION = YES;
				CLANG_WARN_INFINITE_RECURSION = YES;
				CLANG_WARN_INT_CONVERSION = YES;
				CLANG_WARN_OBJC_ROOT_CLASS = YES_ERROR;
				CLANG_WARN_SUSPICIOUS_MOVE = YES;
				CLANG_WARN_UNREACHABLE_CODE = YES;
				CLANG_WARN__DUPLICATE_METHOD_MATCH = YES;
				CODE_SIGN_IDENTITY = "-";
				COPY_PHASE_STRIP = NO;
				DEBUG_INFORMATION_FORMAT = "dwarf-with-dsym";
				ENABLE_NS_ASSERTIONS = NO;
				ENABLE_STRICT_OBJC_MSGSEND = YES;
				GCC_C_LANGUAGE_STANDARD = gnu99;
				GCC_NO_COMMON_BLOCKS = YES;
				GCC_WARN_64_TO_32_BIT_CONVERSION = YES;
				GCC_WARN_ABOUT_RETURN_TYPE = YES_ERROR;
				GCC_WARN_UNDECLARED_SELECTOR = YES;
				GCC_WARN_UNINITIALIZED_AUTOS = YES_AGGRESSIVE;
				GCC_WARN_UNUSED_FUNCTION = YES;
				GCC_WARN_UNUSED_VARIABLE = YES;
				MACOSX_DEPLOYMENT_TARGET = 10.12;
				MTL_ENABLE_DEBUG_INFO = NO;
				SDKROOT = macosx;
			};
			name = Release;
		};
		2292F0DA1EA2183E006B2473 /* Debug */ = {
			isa = XCBuildConfiguration;
			buildSettings = {
				PRODUCT_NAME = "$(TARGET_NAME)";
			};
			name = Debug;
		};
		2292F0DB1EA2183E006B2473 /* Release */ = {
			isa = XCBuildConfiguration;
			buildSettings = {
				PRODUCT_NAME = "$(TARGET_NAME)";
			};
			name = Release;
		};
/* End XCBuildConfiguration section */

/* Begin XCConfigurationList section */
		2292F0CD1EA2183D006B2473 /* Build configuration list for PBXProject "Mars" */ = {
			isa = XCConfigurationList;
			buildConfigurations = (
				2292F0D71EA2183E006B2473 /* Debug */,
				2292F0D81EA2183E006B2473 /* Release */,
			);
			defaultConfigurationIsVisible = 0;
			defaultConfigurationName = Release;
		};
		2292F0D91EA2183E006B2473 /* Build configuration list for PBXNativeTarget "Mars" */ = {
			isa = XCConfigurationList;
			buildConfigurations = (
				2292F0DA1EA2183E006B2473 /* Debug */,
				2292F0DB1EA2183E006B2473 /* Release */,
			);
			defaultConfigurationIsVisible = 0;
			defaultConfigurationName = Release;
		};
/* End XCConfigurationList section */
	};
	rootObject = 2292F0CA1EA2183D006B2473 /* Project object */;
}
